
Microsoft Visual Studio Solution File, Format Version 12.00
# Visual Studio Version 17
VisualStudioVersion = 17.0.32014.148
MinimumVisualStudioVersion = 10.0.40219.1
Project("{9A19103F-16F7-4668-BE54-9A1E7A4F7556}") = "Chibi.Ui.MicroGraphics", "src\Chibi.Ui.MicroGraphics\Chibi.Ui.MicroGraphics.csproj", "{1C8F5CAF-7F3C-4A7A-A24A-9409162118B7}"
EndProject
Project("{9A19103F-16F7-4668-BE54-9A1E7A4F7556}") = "Chibi.Verify.Https.MeadowF7v2", "src\Chibi.Verify.Https.MeadowF7v2\Chibi.Verify.Https.MeadowF7v2.csproj", "{0F3E7A3A-A89B-4805-B1C8-B4CCA3A48D14}"
EndProject
Project("{9A19103F-16F7-4668-BE54-9A1E7A4F7556}") = "Chibi.Hal.RpiZero2w", "src\Chibi.Hal.RpiZero2w\Chibi.Hal.RpiZero2w.csproj", "{C82EF0C0-0788-4DAE-B878-840EB145AD9C}"
EndProject
Project("{9A19103F-16F7-4668-BE54-9A1E7A4F7556}") = "Chibi.Ui.Simple.Simulator", "samples\Chibi.Ui.Simple\Chibi.Ui.Simple.Simulator.csproj", "{BEADB628-A97A-4860-BAFC-F82045D507EA}"
EndProject
Project("{2150E333-8FDC-42A3-9474-1A3956D46DE8}") = "UI", "UI", "{CCB54CD3-0027-4F29-9ABC-9A103861FDD0}"
EndProject
Project("{2150E333-8FDC-42A3-9474-1A3956D46DE8}") = "Verify.MeadowF7v2", "Verify.MeadowF7v2", "{694E3FB7-69B0-41B9-A465-03D777359B4C}"
EndProject
Project("{2150E333-8FDC-42A3-9474-1A3956D46DE8}") = "Samples", "Samples", "{82272AEB-5BCE-4EF6-9A92-1F84E31C897B}"
EndProject
Project("{9A19103F-16F7-4668-BE54-9A1E7A4F7556}") = "Chibi.Ui.Simple.Screens", "samples\Chibi.Ui.Simple.Screens\Chibi.Ui.Simple.Screens.csproj", "{B277E171-E72D-4E1B-B427-65C5AF5D6F06}"
EndProject
Project("{9A19103F-16F7-4668-BE54-9A1E7A4F7556}") = "Chibi.Ui.Simple.RpiZero2w", "samples\Chibi.Ui.Simple.RpiZero2w\Chibi.Ui.Simple.RpiZero2w.csproj", "{1A7F17EB-5A8D-4CAE-947C-058629786694}"
EndProject
Project("{2150E333-8FDC-42A3-9474-1A3956D46DE8}") = "Solution Items", "Solution Items", "{63534AFE-4E45-47B3-B44A-63056568E4B2}"
	ProjectSection(SolutionItems) = preProject
		.gitignore = .gitignore
		Directory.build.targets = Directory.build.targets
		LICENSE = LICENSE
		README.md = README.md
		sync-pi.ps1 = sync-pi.ps1
	EndProjectSection
EndProject
Project("{9A19103F-16F7-4668-BE54-9A1E7A4F7556}") = "Chibi.Ui.SourceGenerators", "src\Chibi.Ui.SourceGenerators\Chibi.Ui.SourceGenerators.csproj", "{D8660ACB-6E29-4DB6-BE37-12D0E66634BC}"
EndProject
Project("{9A19103F-16F7-4668-BE54-9A1E7A4F7556}") = "Chibi.Ui.SourceGenerators.Tests", "test\Chibi.Ui.SourceGenerators.Tests\Chibi.Ui.SourceGenerators.Tests.csproj", "{3F2CA1C8-186D-4100-B5E3-EE35C7E1CAA6}"
EndProject
Global
	GlobalSection(SolutionConfigurationPlatforms) = preSolution
		Debug|Any CPU = Debug|Any CPU
		Release|Any CPU = Release|Any CPU
	EndGlobalSection
	GlobalSection(ProjectConfigurationPlatforms) = postSolution
		{1C8F5CAF-7F3C-4A7A-A24A-9409162118B7}.Debug|Any CPU.ActiveCfg = Debug|Any CPU
		{1C8F5CAF-7F3C-4A7A-A24A-9409162118B7}.Debug|Any CPU.Build.0 = Debug|Any CPU
		{1C8F5CAF-7F3C-4A7A-A24A-9409162118B7}.Release|Any CPU.ActiveCfg = Release|Any CPU
		{1C8F5CAF-7F3C-4A7A-A24A-9409162118B7}.Release|Any CPU.Build.0 = Release|Any CPU
		{0F3E7A3A-A89B-4805-B1C8-B4CCA3A48D14}.Debug|Any CPU.ActiveCfg = Debug|Any CPU
		{0F3E7A3A-A89B-4805-B1C8-B4CCA3A48D14}.Debug|Any CPU.Build.0 = Debug|Any CPU
		{0F3E7A3A-A89B-4805-B1C8-B4CCA3A48D14}.Debug|Any CPU.Deploy.0 = Debug|Any CPU
		{0F3E7A3A-A89B-4805-B1C8-B4CCA3A48D14}.Release|Any CPU.ActiveCfg = Release|Any CPU
		{0F3E7A3A-A89B-4805-B1C8-B4CCA3A48D14}.Release|Any CPU.Build.0 = Release|Any CPU
		{0F3E7A3A-A89B-4805-B1C8-B4CCA3A48D14}.Release|Any CPU.Deploy.0 = Release|Any CPU
		{C82EF0C0-0788-4DAE-B878-840EB145AD9C}.Debug|Any CPU.ActiveCfg = Debug|Any CPU
		{C82EF0C0-0788-4DAE-B878-840EB145AD9C}.Debug|Any CPU.Build.0 = Debug|Any CPU
		{C82EF0C0-0788-4DAE-B878-840EB145AD9C}.Release|Any CPU.ActiveCfg = Release|Any CPU
		{C82EF0C0-0788-4DAE-B878-840EB145AD9C}.Release|Any CPU.Build.0 = Release|Any CPU
		{BEADB628-A97A-4860-BAFC-F82045D507EA}.Debug|Any CPU.ActiveCfg = Debug|Any CPU
		{BEADB628-A97A-4860-BAFC-F82045D507EA}.Debug|Any CPU.Build.0 = Debug|Any CPU
		{BEADB628-A97A-4860-BAFC-F82045D507EA}.Release|Any CPU.ActiveCfg = Release|Any CPU
		{BEADB628-A97A-4860-BAFC-F82045D507EA}.Release|Any CPU.Build.0 = Release|Any CPU
		{B277E171-E72D-4E1B-B427-65C5AF5D6F06}.Debug|Any CPU.ActiveCfg = Debug|Any CPU
		{B277E171-E72D-4E1B-B427-65C5AF5D6F06}.Debug|Any CPU.Build.0 = Debug|Any CPU
		{B277E171-E72D-4E1B-B427-65C5AF5D6F06}.Release|Any CPU.ActiveCfg = Release|Any CPU
		{B277E171-E72D-4E1B-B427-65C5AF5D6F06}.Release|Any CPU.Build.0 = Release|Any CPU
		{1A7F17EB-5A8D-4CAE-947C-058629786694}.Debug|Any CPU.ActiveCfg = Debug|Any CPU
		{1A7F17EB-5A8D-4CAE-947C-058629786694}.Debug|Any CPU.Build.0 = Debug|Any CPU
		{1A7F17EB-5A8D-4CAE-947C-058629786694}.Release|Any CPU.ActiveCfg = Release|Any CPU
		{1A7F17EB-5A8D-4CAE-947C-058629786694}.Release|Any CPU.Build.0 = Release|Any CPU
		{D8660ACB-6E29-4DB6-BE37-12D0E66634BC}.Debug|Any CPU.ActiveCfg = Debug|Any CPU
		{D8660ACB-6E29-4DB6-BE37-12D0E66634BC}.Debug|Any CPU.Build.0 = Debug|Any CPU
		{D8660ACB-6E29-4DB6-BE37-12D0E66634BC}.Release|Any CPU.ActiveCfg = Release|Any CPU
		{D8660ACB-6E29-4DB6-BE37-12D0E66634BC}.Release|Any CPU.Build.0 = Release|Any CPU
		{3F2CA1C8-186D-4100-B5E3-EE35C7E1CAA6}.Debug|Any CPU.ActiveCfg = Debug|Any CPU
		{3F2CA1C8-186D-4100-B5E3-EE35C7E1CAA6}.Debug|Any CPU.Build.0 = Debug|Any CPU
		{3F2CA1C8-186D-4100-B5E3-EE35C7E1CAA6}.Release|Any CPU.ActiveCfg = Release|Any CPU
		{3F2CA1C8-186D-4100-B5E3-EE35C7E1CAA6}.Release|Any CPU.Build.0 = Release|Any CPU
	EndGlobalSection
	GlobalSection(SolutionProperties) = preSolution
		HideSolutionNode = FALSE
	EndGlobalSection
	GlobalSection(NestedProjects) = preSolution
		{1C8F5CAF-7F3C-4A7A-A24A-9409162118B7} = {CCB54CD3-0027-4F29-9ABC-9A103861FDD0}
		{0F3E7A3A-A89B-4805-B1C8-B4CCA3A48D14} = {694E3FB7-69B0-41B9-A465-03D777359B4C}
		{BEADB628-A97A-4860-BAFC-F82045D507EA} = {82272AEB-5BCE-4EF6-9A92-1F84E31C897B}
		{82272AEB-5BCE-4EF6-9A92-1F84E31C897B} = {CCB54CD3-0027-4F29-9ABC-9A103861FDD0}
		{B277E171-E72D-4E1B-B427-65C5AF5D6F06} = {82272AEB-5BCE-4EF6-9A92-1F84E31C897B}
		{1A7F17EB-5A8D-4CAE-947C-058629786694} = {82272AEB-5BCE-4EF6-9A92-1F84E31C897B}
		{D8660ACB-6E29-4DB6-BE37-12D0E66634BC} = {CCB54CD3-0027-4F29-9ABC-9A103861FDD0}
		{3F2CA1C8-186D-4100-B5E3-EE35C7E1CAA6} = {CCB54CD3-0027-4F29-9ABC-9A103861FDD0}
	EndGlobalSection
	GlobalSection(ExtensibilityGlobals) = postSolution
		SolutionGuid = {9094105D-42AB-4240-874E-AFE796F13547}
	EndGlobalSection
EndGlobal
